
Microsoft Visual Studio Solution File, Format Version 12.00
# Visual Studio Version 17
VisualStudioVersion = 17.0.32126.317
MinimumVisualStudioVersion = 10.0.40219.1
Project("{FAE04EC0-301F-11D3-BF4B-00C04F79EFBC}") = "class3", "class3\class3.csproj", "{64D51964-679E-401E-BD9D-291C3819D409}"
EndProject
Global
	GlobalSection(SolutionConfigurationPlatforms) = preSolution
		Debug|Any CPU = Debug|Any CPU
		Release|Any CPU = Release|Any CPU
	EndGlobalSection
	GlobalSection(ProjectConfigurationPlatforms) = postSolution
		{64D51964-679E-401E-BD9D-291C3819D409}.Debug|Any CPU.ActiveCfg = Debug|Any CPU
		{64D51964-679E-401E-BD9D-291C3819D409}.Debug|Any CPU.Build.0 = Debug|Any CPU
		{64D51964-679E-401E-BD9D-291C3819D409}.Release|Any CPU.ActiveCfg = Release|Any CPU
		{64D51964-679E-401E-BD9D-291C3819D409}.Release|Any CPU.Build.0 = Release|Any CPU
	EndGlobalSection
	GlobalSection(SolutionProperties) = preSolution
		HideSolutionNode = FALSE
	EndGlobalSection
	GlobalSection(ExtensibilityGlobals) = postSolution
		SolutionGuid = {EA1EAFC1-9901-468A-A239-9E0F4166EC55}
	EndGlobalSection
EndGlobal
